# This file is automatically @generated by Poetry 2.2.1 and should not be changed by hand.

[[package]]
name = "setuptools"
version = "75.0.0"
description = "Easily download, build, install, upgrade, and uninstall Python packages"
optional = false
python-versions = ">=3.8"
groups = ["main"]
files = [
    {file = "setuptools-75.0.0-py3-none-any.whl", hash = "sha256:791ae94f04f78c880b5e614e560dd32d4b4af5d151bd9e7483e3377846caf90a"},
    {file = "setuptools-75.0.0.tar.gz", hash = "sha256:25af69c809d9334cd8e653d385277abeb5a102dca255954005a7092d282575ea"},
]

[package.extras]
check = ["pytest-checkdocs (>=2.4)", "pytest-ruff (>=0.2.1) ; sys_platform != \"cygwin\"", "ruff (>=0.5.2) ; sys_platform != \"cygwin\""]
core = ["importlib-metadata (>=6) ; python_version < \"3.10\"", "importlib-resources (>=5.10.2) ; python_version < \"3.9\"", "jaraco.collections", "jaraco.functools", "jaraco.text (>=3.7)", "more-itertools", "more-itertools (>=8.8)", "packaging", "packaging (>=24)", "platformdirs (>=2.6.2)", "tomli (>=2.0.1) ; python_version < \"3.11\"", "wheel (>=0.43.0)"]
cover = ["pytest-cov"]
doc = ["furo", "jaraco.packaging (>=9.3)", "jaraco.tidelift (>=1.4)", "pygments-github-lexers (==0.0.5)", "pyproject-hooks (!=1.1)", "rst.linker (>=1.9)", "sphinx (>=3.5)", "sphinx-favicon", "sphinx-inline-tabs", "sphinx-lint", "sphinx-notfound-page (>=1,<2)", "sphinx-reredirects", "sphinxcontrib-towncrier", "towncrier (<24.7)"]
enabler = ["pytest-enabler (>=2.2)"]
test = ["build[virtualenv] (>=1.0.3)", "filelock (>=3.4.0)", "ini2toml[lite] (>=0.14)", "jaraco.develop (>=7.21) ; python_version >= \"3.9\" and sys_platform != \"cygwin\"", "jaraco.envs (>=2.2)", "jaraco.path (>=3.2.0)", "jaraco.test", "packaging (>=23.2)", "pip (>=19.1)", "pyproject-hooks (!=1.1)", "pytest (>=6,!=8.1.*)", "pytest-home (>=0.5)", "pytest-perf ; sys_platform != \"cygwin\"", "pytest-subprocess", "pytest-timeout", "pytest-xdist (>=3)", "tomli-w (>=1.0.0)", "virtualenv (>=13.0.0)", "wheel (>=0.44.0)"]
type = ["importlib-metadata (>=7.0.2) ; python_version < \"3.10\"", "jaraco.develop (>=7.21) ; sys_platform != \"cygwin\"", "mypy (==1.11.*)", "pytest-mypy"]

[[package]]
name = "wheel"
version = "0.40.0"
description = "A built-package format for Python"
optional = false
python-versions = ">=3.7"
groups = ["main"]
files = [
    {file = "wheel-0.40.0-py3-none-any.whl", hash = "sha256:d236b20e7cb522daf2390fa84c55eea81c5c30190f90f29ae2ca1ad8355bf247"},
    {file = "wheel-0.40.0.tar.gz", hash = "sha256:cd1196f3faee2b31968d626e1731c94f99cbdb67cf5a46e4f5656cbee7738873"},
]

[package.extras]
test = ["pytest (>=6.0.0)"]

[metadata]
lock-version = "2.1"
python-versions = ">=3.9"
content-hash = "3ceac242e57a3977d66c79a117648324ab06676a9ccf5a1e851f7caa46202334"
